
Microsoft Visual Studio Solution File, Format Version 12.00
# Visual Studio 15
Project("{FAE04EC0-301F-11D3-BF4B-00C04F79EFBC}") = "Oculus.Interaction.Editor", "Oculus.Interaction.Editor.csproj", "{254737B4-8D2A-1001-4177-F4728A1A4575}"
EndProject
Project("{FAE04EC0-301F-11D3-BF4B-00C04F79EFBC}") = "Oculus.VR", "Oculus.VR.csproj", "{CC924895-A19F-579D-F779-9580BD27E9FD}"
EndProject
Project("{FAE04EC0-301F-11D3-BF4B-00C04F79EFBC}") = "Oculus.Interaction", "Oculus.Interaction.csproj", "{E26EB370-D748-9DF5-7EA4-6BDC7951AF85}"
EndProject
Project("{FAE04EC0-301F-11D3-BF4B-00C04F79EFBC}") = "Oculus.Platform", "Oculus.Platform.csproj", "{B19D8D0C-A3E1-1D6B-DBCC-3E58750A48BE}"
EndProject
Project("{FAE04EC0-301F-11D3-BF4B-00C04F79EFBC}") = "Oculus.VR.Scripts.Editor", "Oculus.VR.Scripts.Editor.csproj", "{BD16DA8D-B946-6F7D-7098-FBE73536B635}"
EndProject
Project("{FAE04EC0-301F-11D3-BF4B-00C04F79EFBC}") = "Facebook.WitAI", "Facebook.WitAI.csproj", "{C4EC7A44-908E-7286-FA6B-83416063EB63}"
EndProject
Project("{FAE04EC0-301F-11D3-BF4B-00C04F79EFBC}") = "Assembly-CSharp", "Assembly-CSharp.csproj", "{F611A6AE-F1CB-B20D-8760-A6017AC2A68A}"
EndProject
Project("{FAE04EC0-301F-11D3-BF4B-00C04F79EFBC}") = "Oculus.VR.Editor", "Oculus.VR.Editor.csproj", "{2006CAEB-5569-FC46-D48B-280F39C8D813}"
EndProject
Project("{FAE04EC0-301F-11D3-BF4B-00C04F79EFBC}") = "Facebook.Wit.Editor", "Facebook.Wit.Editor.csproj", "{908E6D53-85B5-F9FC-A387-5EA28FE9F7ED}"
EndProject
Project("{FAE04EC0-301F-11D3-BF4B-00C04F79EFBC}") = "Oculus.LipSync", "Oculus.LipSync.csproj", "{4E0C2E7B-B6E3-16CD-E7E6-D3760198852B}"
EndProject
Project("{FAE04EC0-301F-11D3-BF4B-00C04F79EFBC}") = "VoiceSDK.Editor", "VoiceSDK.Editor.csproj", "{689E17A9-4BA3-2D84-EB38-CE4F18B8E3BF}"
EndProject
Project("{FAE04EC0-301F-11D3-BF4B-00C04F79EFBC}") = "Oculus.Spatializer.Editor", "Oculus.Spatializer.Editor.csproj", "{8C06469E-A92D-B58F-0A60-8504CA94DAE1}"
EndProject
Project("{FAE04EC0-301F-11D3-BF4B-00C04F79EFBC}") = "Oculus.Interaction.Samples", "Oculus.Interaction.Samples.csproj", "{68B2C242-A197-87B7-B34E-8F2565666F53}"
EndProject
Project("{FAE04EC0-301F-11D3-BF4B-00C04F79EFBC}") = "Oculus.AudioManager", "Oculus.AudioManager.csproj", "{B88EA553-F697-5DE4-AADE-B7E056ED68D0}"
EndProject
Project("{FAE04EC0-301F-11D3-BF4B-00C04F79EFBC}") = "VoiceSDK.Runtime", "VoiceSDK.Runtime.csproj", "{24FFDD9A-1E43-8B5F-5351-063246AD14F0}"
EndProject
Project("{FAE04EC0-301F-11D3-BF4B-00C04F79EFBC}") = "AssistantCoreSDKRuntime", "AssistantCoreSDKRuntime.csproj", "{B719FB7C-FA20-ABE7-84E6-DEA8794D2466}"
EndProject
Project("{FAE04EC0-301F-11D3-BF4B-00C04F79EFBC}") = "Oculus.AudioManager.Audio.Editor", "Oculus.AudioManager.Audio.Editor.csproj", "{3271FCD4-9AC8-9721-777C-843B23DB17B6}"
EndProject
Project("{FAE04EC0-301F-11D3-BF4B-00C04F79EFBC}") = "Assembly-CSharp-Editor", "Assembly-CSharp-Editor.csproj", "{E0FC30F7-443A-A36B-71E4-6AA7A399FFC1}"
EndProject
Project("{FAE04EC0-301F-11D3-BF4B-00C04F79EFBC}") = "Oculus.Voice.Demo", "Oculus.Voice.Demo.csproj", "{654EF1D5-FED1-EE52-23F6-A5C9B45AF7C2}"
EndProject
Project("{FAE04EC0-301F-11D3-BF4B-00C04F79EFBC}") = "Oculus.Platform.Editor", "Oculus.Platform.Editor.csproj", "{0C74E2C3-3189-A74C-576A-5F12D7DD04A2}"
EndProject
Project("{FAE04EC0-301F-11D3-BF4B-00C04F79EFBC}") = "Oculus.Spatializer", "Oculus.Spatializer.csproj", "{855B66CB-EA1F-A596-89A3-75A235DA8D4A}"
EndProject
Project("{FAE04EC0-301F-11D3-BF4B-00C04F79EFBC}") = "Oculus.LipSync.Editor", "Oculus.LipSync.Editor.csproj", "{F969C921-20EE-C397-EE44-FD10BD8472C0}"
EndProject
Project("{FAE04EC0-301F-11D3-BF4B-00C04F79EFBC}") = "Oculus.AudioManager.Utils.Editor", "Oculus.AudioManager.Utils.Editor.csproj", "{DC6D4A52-1707-8FE3-7B34-2D1B1C492F7F}"
EndProject
Project("{FAE04EC0-301F-11D3-BF4B-00C04F79EFBC}") = "AssistantCoreSDKEditor", "AssistantCoreSDKEditor.csproj", "{0D528C14-8029-2E9E-6EF1-2723468440DE}"
EndProject
Project("{FAE04EC0-301F-11D3-BF4B-00C04F79EFBC}") = "Oculus.Interaction.InterfaceSupport", "Oculus.Interaction.InterfaceSupport.csproj", "{F69AB6FF-7554-D7F6-2704-B6F3399279CF}"
EndProject
Global
	GlobalSection(SolutionConfigurationPlatforms) = preSolution
		Debug|Any CPU = Debug|Any CPU
		Release|Any CPU = Release|Any CPU
	EndGlobalSection
	GlobalSection(ProjectConfigurationPlatforms) = postSolution
		{254737B4-8D2A-1001-4177-F4728A1A4575}.Debug|Any CPU.ActiveCfg = Debug|Any CPU
		{254737B4-8D2A-1001-4177-F4728A1A4575}.Debug|Any CPU.Build.0 = Debug|Any CPU
		{254737B4-8D2A-1001-4177-F4728A1A4575}.Release|Any CPU.ActiveCfg = Release|Any CPU
		{254737B4-8D2A-1001-4177-F4728A1A4575}.Release|Any CPU.Build.0 = Release|Any CPU
		{CC924895-A19F-579D-F779-9580BD27E9FD}.Debug|Any CPU.ActiveCfg = Debug|Any CPU
		{CC924895-A19F-579D-F779-9580BD27E9FD}.Debug|Any CPU.Build.0 = Debug|Any CPU
		{CC924895-A19F-579D-F779-9580BD27E9FD}.Release|Any CPU.ActiveCfg = Release|Any CPU
		{CC924895-A19F-579D-F779-9580BD27E9FD}.Release|Any CPU.Build.0 = Release|Any CPU
		{E26EB370-D748-9DF5-7EA4-6BDC7951AF85}.Debug|Any CPU.ActiveCfg = Debug|Any CPU
		{E26EB370-D748-9DF5-7EA4-6BDC7951AF85}.Debug|Any CPU.Build.0 = Debug|Any CPU
		{E26EB370-D748-9DF5-7EA4-6BDC7951AF85}.Release|Any CPU.ActiveCfg = Release|Any CPU
		{E26EB370-D748-9DF5-7EA4-6BDC7951AF85}.Release|Any CPU.Build.0 = Release|Any CPU
		{B19D8D0C-A3E1-1D6B-DBCC-3E58750A48BE}.Debug|Any CPU.ActiveCfg = Debug|Any CPU
		{B19D8D0C-A3E1-1D6B-DBCC-3E58750A48BE}.Debug|Any CPU.Build.0 = Debug|Any CPU
		{B19D8D0C-A3E1-1D6B-DBCC-3E58750A48BE}.Release|Any CPU.ActiveCfg = Release|Any CPU
		{B19D8D0C-A3E1-1D6B-DBCC-3E58750A48BE}.Release|Any CPU.Build.0 = Release|Any CPU
		{BD16DA8D-B946-6F7D-7098-FBE73536B635}.Debug|Any CPU.ActiveCfg = Debug|Any CPU
		{BD16DA8D-B946-6F7D-7098-FBE73536B635}.Debug|Any CPU.Build.0 = Debug|Any CPU
		{BD16DA8D-B946-6F7D-7098-FBE73536B635}.Release|Any CPU.ActiveCfg = Release|Any CPU
		{BD16DA8D-B946-6F7D-7098-FBE73536B635}.Release|Any CPU.Build.0 = Release|Any CPU
		{C4EC7A44-908E-7286-FA6B-83416063EB63}.Debug|Any CPU.ActiveCfg = Debug|Any CPU
		{C4EC7A44-908E-7286-FA6B-83416063EB63}.Debug|Any CPU.Build.0 = Debug|Any CPU
		{C4EC7A44-908E-7286-FA6B-83416063EB63}.Release|Any CPU.ActiveCfg = Release|Any CPU
		{C4EC7A44-908E-7286-FA6B-83416063EB63}.Release|Any CPU.Build.0 = Release|Any CPU
		{F611A6AE-F1CB-B20D-8760-A6017AC2A68A}.Debug|Any CPU.ActiveCfg = Debug|Any CPU
		{F611A6AE-F1CB-B20D-8760-A6017AC2A68A}.Debug|Any CPU.Build.0 = Debug|Any CPU
		{F611A6AE-F1CB-B20D-8760-A6017AC2A68A}.Release|Any CPU.ActiveCfg = Release|Any CPU
		{F611A6AE-F1CB-B20D-8760-A6017AC2A68A}.Release|Any CPU.Build.0 = Release|Any CPU
		{2006CAEB-5569-FC46-D48B-280F39C8D813}.Debug|Any CPU.ActiveCfg = Debug|Any CPU
		{2006CAEB-5569-FC46-D48B-280F39C8D813}.Debug|Any CPU.Build.0 = Debug|Any CPU
		{2006CAEB-5569-FC46-D48B-280F39C8D813}.Release|Any CPU.ActiveCfg = Release|Any CPU
		{2006CAEB-5569-FC46-D48B-280F39C8D813}.Release|Any CPU.Build.0 = Release|Any CPU
		{908E6D53-85B5-F9FC-A387-5EA28FE9F7ED}.Debug|Any CPU.ActiveCfg = Debug|Any CPU
		{908E6D53-85B5-F9FC-A387-5EA28FE9F7ED}.Debug|Any CPU.Build.0 = Debug|Any CPU
		{908E6D53-85B5-F9FC-A387-5EA28FE9F7ED}.Release|Any CPU.ActiveCfg = Release|Any CPU
		{908E6D53-85B5-F9FC-A387-5EA28FE9F7ED}.Release|Any CPU.Build.0 = Release|Any CPU
		{4E0C2E7B-B6E3-16CD-E7E6-D3760198852B}.Debug|Any CPU.ActiveCfg = Debug|Any CPU
		{4E0C2E7B-B6E3-16CD-E7E6-D3760198852B}.Debug|Any CPU.Build.0 = Debug|Any CPU
		{4E0C2E7B-B6E3-16CD-E7E6-D3760198852B}.Release|Any CPU.ActiveCfg = Release|Any CPU
		{4E0C2E7B-B6E3-16CD-E7E6-D3760198852B}.Release|Any CPU.Build.0 = Release|Any CPU
		{689E17A9-4BA3-2D84-EB38-CE4F18B8E3BF}.Debug|Any CPU.ActiveCfg = Debug|Any CPU
		{689E17A9-4BA3-2D84-EB38-CE4F18B8E3BF}.Debug|Any CPU.Build.0 = Debug|Any CPU
		{689E17A9-4BA3-2D84-EB38-CE4F18B8E3BF}.Release|Any CPU.ActiveCfg = Release|Any CPU
		{689E17A9-4BA3-2D84-EB38-CE4F18B8E3BF}.Release|Any CPU.Build.0 = Release|Any CPU
		{8C06469E-A92D-B58F-0A60-8504CA94DAE1}.Debug|Any CPU.ActiveCfg = Debug|Any CPU
		{8C06469E-A92D-B58F-0A60-8504CA94DAE1}.Debug|Any CPU.Build.0 = Debug|Any CPU
		{8C06469E-A92D-B58F-0A60-8504CA94DAE1}.Release|Any CPU.ActiveCfg = Release|Any CPU
		{8C06469E-A92D-B58F-0A60-8504CA94DAE1}.Release|Any CPU.Build.0 = Release|Any CPU
		{68B2C242-A197-87B7-B34E-8F2565666F53}.Debug|Any CPU.ActiveCfg = Debug|Any CPU
		{68B2C242-A197-87B7-B34E-8F2565666F53}.Debug|Any CPU.Build.0 = Debug|Any CPU
		{68B2C242-A197-87B7-B34E-8F2565666F53}.Release|Any CPU.ActiveCfg = Release|Any CPU
		{68B2C242-A197-87B7-B34E-8F2565666F53}.Release|Any CPU.Build.0 = Release|Any CPU
		{B88EA553-F697-5DE4-AADE-B7E056ED68D0}.Debug|Any CPU.ActiveCfg = Debug|Any CPU
		{B88EA553-F697-5DE4-AADE-B7E056ED68D0}.Debug|Any CPU.Build.0 = Debug|Any CPU
		{B88EA553-F697-5DE4-AADE-B7E056ED68D0}.Release|Any CPU.ActiveCfg = Release|Any CPU
		{B88EA553-F697-5DE4-AADE-B7E056ED68D0}.Release|Any CPU.Build.0 = Release|Any CPU
		{24FFDD9A-1E43-8B5F-5351-063246AD14F0}.Debug|Any CPU.ActiveCfg = Debug|Any CPU
		{24FFDD9A-1E43-8B5F-5351-063246AD14F0}.Debug|Any CPU.Build.0 = Debug|Any CPU
		{24FFDD9A-1E43-8B5F-5351-063246AD14F0}.Release|Any CPU.ActiveCfg = Release|Any CPU
		{24FFDD9A-1E43-8B5F-5351-063246AD14F0}.Release|Any CPU.Build.0 = Release|Any CPU
		{B719FB7C-FA20-ABE7-84E6-DEA8794D2466}.Debug|Any CPU.ActiveCfg = Debug|Any CPU
		{B719FB7C-FA20-ABE7-84E6-DEA8794D2466}.Debug|Any CPU.Build.0 = Debug|Any CPU
		{B719FB7C-FA20-ABE7-84E6-DEA8794D2466}.Release|Any CPU.ActiveCfg = Release|Any CPU
		{B719FB7C-FA20-ABE7-84E6-DEA8794D2466}.Release|Any CPU.Build.0 = Release|Any CPU
		{3271FCD4-9AC8-9721-777C-843B23DB17B6}.Debug|Any CPU.ActiveCfg = Debug|Any CPU
		{3271FCD4-9AC8-9721-777C-843B23DB17B6}.Debug|Any CPU.Build.0 = Debug|Any CPU
		{3271FCD4-9AC8-9721-777C-843B23DB17B6}.Release|Any CPU.ActiveCfg = Release|Any CPU
		{3271FCD4-9AC8-9721-777C-843B23DB17B6}.Release|Any CPU.Build.0 = Release|Any CPU
		{E0FC30F7-443A-A36B-71E4-6AA7A399FFC1}.Debug|Any CPU.ActiveCfg = Debug|Any CPU
		{E0FC30F7-443A-A36B-71E4-6AA7A399FFC1}.Debug|Any CPU.Build.0 = Debug|Any CPU
		{E0FC30F7-443A-A36B-71E4-6AA7A399FFC1}.Release|Any CPU.ActiveCfg = Release|Any CPU
		{E0FC30F7-443A-A36B-71E4-6AA7A399FFC1}.Release|Any CPU.Build.0 = Release|Any CPU
		{654EF1D5-FED1-EE52-23F6-A5C9B45AF7C2}.Debug|Any CPU.ActiveCfg = Debug|Any CPU
		{654EF1D5-FED1-EE52-23F6-A5C9B45AF7C2}.Debug|Any CPU.Build.0 = Debug|Any CPU
		{654EF1D5-FED1-EE52-23F6-A5C9B45AF7C2}.Release|Any CPU.ActiveCfg = Release|Any CPU
		{654EF1D5-FED1-EE52-23F6-A5C9B45AF7C2}.Release|Any CPU.Build.0 = Release|Any CPU
		{0C74E2C3-3189-A74C-576A-5F12D7DD04A2}.Debug|Any CPU.ActiveCfg = Debug|Any CPU
		{0C74E2C3-3189-A74C-576A-5F12D7DD04A2}.Debug|Any CPU.Build.0 = Debug|Any CPU
		{0C74E2C3-3189-A74C-576A-5F12D7DD04A2}.Release|Any CPU.ActiveCfg = Release|Any CPU
		{0C74E2C3-3189-A74C-576A-5F12D7DD04A2}.Release|Any CPU.Build.0 = Release|Any CPU
		{855B66CB-EA1F-A596-89A3-75A235DA8D4A}.Debug|Any CPU.ActiveCfg = Debug|Any CPU
		{855B66CB-EA1F-A596-89A3-75A235DA8D4A}.Debug|Any CPU.Build.0 = Debug|Any CPU
		{855B66CB-EA1F-A596-89A3-75A235DA8D4A}.Release|Any CPU.ActiveCfg = Release|Any CPU
		{855B66CB-EA1F-A596-89A3-75A235DA8D4A}.Release|Any CPU.Build.0 = Release|Any CPU
		{F969C921-20EE-C397-EE44-FD10BD8472C0}.Debug|Any CPU.ActiveCfg = Debug|Any CPU
		{F969C921-20EE-C397-EE44-FD10BD8472C0}.Debug|Any CPU.Build.0 = Debug|Any CPU
		{F969C921-20EE-C397-EE44-FD10BD8472C0}.Release|Any CPU.ActiveCfg = Release|Any CPU
		{F969C921-20EE-C397-EE44-FD10BD8472C0}.Release|Any CPU.Build.0 = Release|Any CPU
		{DC6D4A52-1707-8FE3-7B34-2D1B1C492F7F}.Debug|Any CPU.ActiveCfg = Debug|Any CPU
		{DC6D4A52-1707-8FE3-7B34-2D1B1C492F7F}.Debug|Any CPU.Build.0 = Debug|Any CPU
		{DC6D4A52-1707-8FE3-7B34-2D1B1C492F7F}.Release|Any CPU.ActiveCfg = Release|Any CPU
		{DC6D4A52-1707-8FE3-7B34-2D1B1C492F7F}.Release|Any CPU.Build.0 = Release|Any CPU
		{0D528C14-8029-2E9E-6EF1-2723468440DE}.Debug|Any CPU.ActiveCfg = Debug|Any CPU
		{0D528C14-8029-2E9E-6EF1-2723468440DE}.Debug|Any CPU.Build.0 = Debug|Any CPU
		{0D528C14-8029-2E9E-6EF1-2723468440DE}.Release|Any CPU.ActiveCfg = Release|Any CPU
		{0D528C14-8029-2E9E-6EF1-2723468440DE}.Release|Any CPU.Build.0 = Release|Any CPU
		{F69AB6FF-7554-D7F6-2704-B6F3399279CF}.Debug|Any CPU.ActiveCfg = Debug|Any CPU
		{F69AB6FF-7554-D7F6-2704-B6F3399279CF}.Debug|Any CPU.Build.0 = Debug|Any CPU
		{F69AB6FF-7554-D7F6-2704-B6F3399279CF}.Release|Any CPU.ActiveCfg = Release|Any CPU
		{F69AB6FF-7554-D7F6-2704-B6F3399279CF}.Release|Any CPU.Build.0 = Release|Any CPU
	EndGlobalSection
	GlobalSection(SolutionProperties) = preSolution
		HideSolutionNode = FALSE
	EndGlobalSection
EndGlobal
